
Microsoft Visual Studio Solution File, Format Version 12.00
# Visual Studio 2013
VisualStudioVersion = 12.0.30501.0
MinimumVisualStudioVersion = 10.0.40219.1
Project("{F184B08F-C81C-45F6-A57F-5ABD9991F28F}") = "IMAP Checker", "IMAP Checker\IMAP Checker.vbproj", "{CFDE3610-B220-42DA-A193-3A23A4A12AAE}"
EndProject
Global
	GlobalSection(SolutionConfigurationPlatforms) = preSolution
		Debug|Any CPU = Debug|Any CPU
		Release|Any CPU = Release|Any CPU
	EndGlobalSection
	GlobalSection(ProjectConfigurationPlatforms) = postSolution
		{CFDE3610-B220-42DA-A193-3A23A4A12AAE}.Debug|Any CPU.ActiveCfg = Debug|Any CPU
		{CFDE3610-B220-42DA-A193-3A23A4A12AAE}.Debug|Any CPU.Build.0 = Debug|Any CPU
		{CFDE3610-B220-42DA-A193-3A23A4A12AAE}.Release|Any CPU.ActiveCfg = Release|Any CPU
		{CFDE3610-B220-42DA-A193-3A23A4A12AAE}.Release|Any CPU.Build.0 = Release|Any CPU
	EndGlobalSection
	GlobalSection(SolutionProperties) = preSolution
		HideSolutionNode = FALSE
	EndGlobalSection
EndGlobal
